PODS:
  - JNWCollectionView (1.3):
    - JNWScrollView
  - JNWScrollView (0.1)
  - Sparkle (1.9.0)

DEPENDENCIES:
  - JNWCollectionView
  - Sparkle (~> 1.9)

SPEC CHECKSUMS:
  JNWCollectionView: 4dfbe8b9e06e68f665429a521868abdffb918308
  JNWScrollView: 1c343fd858ab1d7826f83cb9d6dc0d1753f0bdea
  Sparkle: be4244aef7860f8d2abdc9c4e4d8e9629d27feb6

COCOAPODS: 0.34.0
