// !$*UTF8*$!
{
	archiveVersion = 1;
	classes = {
	};
	objectVersion = 46;
	objects = {

/* Begin PBXBuildFile section */
		7417AB541AAF9EF70063E88A /* SUTWindow.m in Sources */ = {isa = PBXBuildFile; fileRef = 7417AB531AAF9EF70063E88A /* SUTWindow.m */; };
		7417AB571AAFA8530063E88A /* SUTEditorView.m in Sources */ = {isa = PBXBuildFile; fileRef = 7417AB561AAFA8530063E88A /* SUTEditorView.m */; };
		7417AB5A1AAFA8820063E88A /* SUTEmptySpriteView.m in Sources */ = {isa = PBXBuildFile; fileRef = 7417AB591AAFA8820063E88A /* SUTEmptySpriteView.m */; };
		74F0FAE01AAF5224003F9454 /* AppDelegate.m in Sources */ = {isa = PBXBuildFile; fileRef = 74F0FADF1AAF5224003F9454 /* AppDelegate.m */; };
		74F0FAE21AAF5224003F9454 /* main.m in Sources */ = {isa = PBXBuildFile; fileRef = 74F0FAE11AAF5224003F9454 /* main.m */; };
		74F0FAE51AAF5224003F9454 /* Document.m in Sources */ = {isa = PBXBuildFile; fileRef = 74F0FAE41AAF5224003F9454 /* Document.m */; };
		74F0FAE81AAF5224003F9454 /* Document.xib in Resources */ = {isa = PBXBuildFile; fileRef = 74F0FAE61AAF5224003F9454 /* Document.xib */; };
		74F0FAEA1AAF5224003F9454 /* Images.xcassets in Resources */ = {isa = PBXBuildFile; fileRef = 74F0FAE91AAF5224003F9454 /* Images.xcassets */; };
		74F0FAED1AAF5224003F9454 /* MainMenu.xib in Resources */ = {isa = PBXBuildFile; fileRef = 74F0FAEB1AAF5224003F9454 /* MainMenu.xib */; };
		74F0FAF91AAF5224003F9454 /* SutureTests.m in Sources */ = {isa = PBXBuildFile; fileRef = 74F0FAF81AAF5224003F9454 /* SutureTests.m */; };
/* End PBXBuildFile section */

/* Begin PBXContainerItemProxy section */
		74F0FAF31AAF5224003F9454 /* PBXContainerItemProxy */ = {
			isa = PBXContainerItemProxy;
			containerPortal = 74F0FAD11AAF5224003F9454 /* Project object */;
			proxyType = 1;
			remoteGlobalIDString = 74F0FAD81AAF5224003F9454;
			remoteInfo = Suture;
		};
/* End PBXContainerItemProxy section */

/* Begin PBXFileReference section */
		7417AB521AAF9EF70063E88A /* SUTWindow.h */ = {isa = PBXFileReference; fileEncoding = 4; lastKnownFileType = sourcecode.c.h; path = SUTWindow.h; sourceTree = "<group>"; };
		7417AB531AAF9EF70063E88A /* SUTWindow.m */ = {isa = PBXFileReference; fileEncoding = 4; lastKnownFileType = sourcecode.c.objc; path = SUTWindow.m; sourceTree = "<group>"; };
		7417AB551AAFA8530063E88A /* SUTEditorView.h */ = {isa = PBXFileReference; fileEncoding = 4; lastKnownFileType = sourcecode.c.h; path = SUTEditorView.h; sourceTree = "<group>"; };
		7417AB561AAFA8530063E88A /* SUTEditorView.m */ = {isa = PBXFileReference; fileEncoding = 4; lastKnownFileType = sourcecode.c.objc; path = SUTEditorView.m; sourceTree = "<group>"; };
		7417AB581AAFA8820063E88A /* SUTEmptySpriteView.h */ = {isa = PBXFileReference; fileEncoding = 4; lastKnownFileType = sourcecode.c.h; path = SUTEmptySpriteView.h; sourceTree = "<group>"; };
		7417AB591AAFA8820063E88A /* SUTEmptySpriteView.m */ = {isa = PBXFileReference; fileEncoding = 4; lastKnownFileType = sourcecode.c.objc; path = SUTEmptySpriteView.m; sourceTree = "<group>"; };
		74F0FAD91AAF5224003F9454 /* Suture.app */ = {isa = PBXFileReference; explicitFileType = wrapper.application; includeInIndex = 0; path = Suture.app; sourceTree = BUILT_PRODUCTS_DIR; };
		74F0FADD1AAF5224003F9454 /* Info.plist */ = {isa = PBXFileReference; lastKnownFileType = text.plist.xml; path = Info.plist; sourceTree = "<group>"; };
		74F0FADE1AAF5224003F9454 /* AppDelegate.h */ = {isa = PBXFileReference; lastKnownFileType = sourcecode.c.h; path = AppDelegate.h; sourceTree = "<group>"; };
		74F0FADF1AAF5224003F9454 /* AppDelegate.m */ = {isa = PBXFileReference; lastKnownFileType = sourcecode.c.objc; path = AppDelegate.m; sourceTree = "<group>"; };
		74F0FAE11AAF5224003F9454 /* main.m */ = {isa = PBXFileReference; lastKnownFileType = sourcecode.c.objc; path = main.m; sourceTree = "<group>"; };
		74F0FAE31AAF5224003F9454 /* Document.h */ = {isa = PBXFileReference; lastKnownFileType = sourcecode.c.h; path = Document.h; sourceTree = "<group>"; };
		74F0FAE41AAF5224003F9454 /* Document.m */ = {isa = PBXFileReference; lastKnownFileType = sourcecode.c.objc; path = Document.m; sourceTree = "<group>"; };
		74F0FAE71AAF5224003F9454 /* Base */ = {isa = PBXFileReference; lastKnownFileType = file.xib; name = Base; path = Base.lproj/Document.xib; sourceTree = "<group>"; };
		74F0FAE91AAF5224003F9454 /* Images.xcassets */ = {isa = PBXFileReference; lastKnownFileType = folder.assetcatalog; path = Images.xcassets; sourceTree = "<group>"; };
		74F0FAEC1AAF5224003F9454 /* Base */ = {isa = PBXFileReference; lastKnownFileType = file.xib; name = Base; path = Base.lproj/MainMenu.xib; sourceTree = "<group>"; };
		74F0FAF21AAF5224003F9454 /* SutureTests.xctest */ = {isa = PBXFileReference; explicitFileType = wrapper.cfbundle; includeInIndex = 0; path = SutureTests.xctest; sourceTree = BUILT_PRODUCTS_DIR; };
		74F0FAF71AAF5224003F9454 /* Info.plist */ = {isa = PBXFileReference; lastKnownFileType = text.plist.xml; path = Info.plist; sourceTree = "<group>"; };
		74F0FAF81AAF5224003F9454 /* SutureTests.m */ = {isa = PBXFileReference; lastKnownFileType = sourcecode.c.objc; path = SutureTests.m; sourceTree = "<group>"; };
/* End PBXFileReference section */

/* Begin PBXFrameworksBuildPhase section */
		74F0FAD61AAF5224003F9454 /* Frameworks */ = {
			isa = PBXFrameworksBuildPhase;
			buildActionMask = 2147483647;
			files = (
			);
			runOnlyForDeploymentPostprocessing = 0;
		};
		74F0FAEF1AAF5224003F9454 /* Frameworks */ = {
			isa = PBXFrameworksBuildPhase;
			buildActionMask = 2147483647;
			files = (
			);
			runOnlyForDeploymentPostprocessing = 0;
		};
/* End PBXFrameworksBuildPhase section */

/* Begin PBXGroup section */
		74F0FAD01AAF5224003F9454 = {
			isa = PBXGroup;
			children = (
				74F0FADB1AAF5224003F9454 /* Suture */,
				74F0FAF51AAF5224003F9454 /* SutureTests */,
				74F0FADA1AAF5224003F9454 /* Products */,
			);
			sourceTree = "<group>";
		};
		74F0FADA1AAF5224003F9454 /* Products */ = {
			isa = PBXGroup;
			children = (
				74F0FAD91AAF5224003F9454 /* Suture.app */,
				74F0FAF21AAF5224003F9454 /* SutureTests.xctest */,
			);
			name = Products;
			sourceTree = "<group>";
		};
		74F0FADB1AAF5224003F9454 /* Suture */ = {
			isa = PBXGroup;
			children = (
				74F0FADE1AAF5224003F9454 /* AppDelegate.h */,
				74F0FADF1AAF5224003F9454 /* AppDelegate.m */,
				74F0FAE31AAF5224003F9454 /* Document.h */,
				74F0FAE41AAF5224003F9454 /* Document.m */,
				74F0FAE61AAF5224003F9454 /* Document.xib */,
				74F0FAE91AAF5224003F9454 /* Images.xcassets */,
				74F0FAEB1AAF5224003F9454 /* MainMenu.xib */,
				74F0FADC1AAF5224003F9454 /* Supporting Files */,
				7417AB521AAF9EF70063E88A /* SUTWindow.h */,
				7417AB531AAF9EF70063E88A /* SUTWindow.m */,
				7417AB551AAFA8530063E88A /* SUTEditorView.h */,
				7417AB561AAFA8530063E88A /* SUTEditorView.m */,
				7417AB581AAFA8820063E88A /* SUTEmptySpriteView.h */,
				7417AB591AAFA8820063E88A /* SUTEmptySpriteView.m */,
			);
			path = Suture;
			sourceTree = "<group>";
		};
		74F0FADC1AAF5224003F9454 /* Supporting Files */ = {
			isa = PBXGroup;
			children = (
				74F0FADD1AAF5224003F9454 /* Info.plist */,
				74F0FAE11AAF5224003F9454 /* main.m */,
			);
			name = "Supporting Files";
			sourceTree = "<group>";
		};
		74F0FAF51AAF5224003F9454 /* SutureTests */ = {
			isa = PBXGroup;
			children = (
				74F0FAF81AAF5224003F9454 /* SutureTests.m */,
				74F0FAF61AAF5224003F9454 /* Supporting Files */,
			);
			path = SutureTests;
			sourceTree = "<group>";
		};
		74F0FAF61AAF5224003F9454 /* Supporting Files */ = {
			isa = PBXGroup;
			children = (
				74F0FAF71AAF5224003F9454 /* Info.plist */,
			);
			name = "Supporting Files";
			sourceTree = "<group>";
		};
/* End PBXGroup section */

/* Begin PBXNativeTarget section */
		74F0FAD81AAF5224003F9454 /* Suture */ = {
			isa = PBXNativeTarget;
			buildConfigurationList = 74F0FAFC1AAF5224003F9454 /* Build configuration list for PBXNativeTarget "Suture" */;
			buildPhases = (
				74F0FAD51AAF5224003F9454 /* Sources */,
				74F0FAD61AAF5224003F9454 /* Frameworks */,
				74F0FAD71AAF5224003F9454 /* Resources */,
			);
			buildRules = (
			);
			dependencies = (
			);
			name = Suture;
			productName = Suture;
			productReference = 74F0FAD91AAF5224003F9454 /* Suture.app */;
			productType = "com.apple.product-type.application";
		};
		74F0FAF11AAF5224003F9454 /* SutureTests */ = {
			isa = PBXNativeTarget;
			buildConfigurationList = 74F0FAFF1AAF5224003F9454 /* Build configuration list for PBXNativeTarget "SutureTests" */;
			buildPhases = (
				74F0FAEE1AAF5224003F9454 /* Sources */,
				74F0FAEF1AAF5224003F9454 /* Frameworks */,
				74F0FAF01AAF5224003F9454 /* Resources */,
			);
			buildRules = (
			);
			dependencies = (
				74F0FAF41AAF5224003F9454 /* PBXTargetDependency */,
			);
			name = SutureTests;
			productName = SutureTests;
			productReference = 74F0FAF21AAF5224003F9454 /* SutureTests.xctest */;
			productType = "com.apple.product-type.bundle.unit-test";
		};
/* End PBXNativeTarget section */

/* Begin PBXProject section */
		74F0FAD11AAF5224003F9454 /* Project object */ = {
			isa = PBXProject;
			attributes = {
				CLASSPREFIX = SUT;
				LastUpgradeCheck = 0610;
				ORGANIZATIONNAME = "James Campbell";
				TargetAttributes = {
					74F0FAD81AAF5224003F9454 = {
						CreatedOnToolsVersion = 6.1.1;
					};
					74F0FAF11AAF5224003F9454 = {
						CreatedOnToolsVersion = 6.1.1;
						TestTargetID = 74F0FAD81AAF5224003F9454;
					};
				};
			};
			buildConfigurationList = 74F0FAD41AAF5224003F9454 /* Build configuration list for PBXProject "Suture" */;
			compatibilityVersion = "Xcode 3.2";
			developmentRegion = English;
			hasScannedForEncodings = 0;
			knownRegions = (
				en,
				Base,
			);
			mainGroup = 74F0FAD01AAF5224003F9454;
			productRefGroup = 74F0FADA1AAF5224003F9454 /* Products */;
			projectDirPath = "";
			projectRoot = "";
			targets = (
				74F0FAD81AAF5224003F9454 /* Suture */,
				74F0FAF11AAF5224003F9454 /* SutureTests */,
			);
		};
/* End PBXProject section */

/* Begin PBXResourcesBuildPhase section */
		74F0FAD71AAF5224003F9454 /* Resources */ = {
			isa = PBXResourcesBuildPhase;
			buildActionMask = 2147483647;
			files = (
				74F0FAE81AAF5224003F9454 /* Document.xib in Resources */,
				74F0FAEA1AAF5224003F9454 /* Images.xcassets in Resources */,
				74F0FAED1AAF5224003F9454 /* MainMenu.xib in Resources */,
			);
			runOnlyForDeploymentPostprocessing = 0;
		};
		74F0FAF01AAF5224003F9454 /* Resources */ = {
			isa = PBXResourcesBuildPhase;
			buildActionMask = 2147483647;
			files = (
			);
			runOnlyForDeploymentPostprocessing = 0;
		};
/* End PBXResourcesBuildPhase section */

/* Begin PBXSourcesBuildPhase section */
		74F0FAD51AAF5224003F9454 /* Sources */ = {
			isa = PBXSourcesBuildPhase;
			buildActionMask = 2147483647;
			files = (
				74F0FAE51AAF5224003F9454 /* Document.m in Sources */,
				74F0FAE21AAF5224003F9454 /* main.m in Sources */,
				74F0FAE01AAF5224003F9454 /* AppDelegate.m in Sources */,
				7417AB541AAF9EF70063E88A /* SUTWindow.m in Sources */,
				7417AB5A1AAFA8820063E88A /* SUTEmptySpriteView.m in Sources */,
				7417AB571AAFA8530063E88A /* SUTEditorView.m in Sources */,
			);
			runOnlyForDeploymentPostprocessing = 0;
		};
		74F0FAEE1AAF5224003F9454 /* Sources */ = {
			isa = PBXSourcesBuildPhase;
			buildActionMask = 2147483647;
			files = (
				74F0FAF91AAF5224003F9454 /* SutureTests.m in Sources */,
			);
			runOnlyForDeploymentPostprocessing = 0;
		};
/* End PBXSourcesBuildPhase section */

/* Begin PBXTargetDependency section */
		74F0FAF41AAF5224003F9454 /* PBXTargetDependency */ = {
			isa = PBXTargetDependency;
			target = 74F0FAD81AAF5224003F9454 /* Suture */;
			targetProxy = 74F0FAF31AAF5224003F9454 /* PBXContainerItemProxy */;
		};
/* End PBXTargetDependency section */

/* Begin PBXVariantGroup section */
		74F0FAE61AAF5224003F9454 /* Document.xib */ = {
			isa = PBXVariantGroup;
			children = (
				74F0FAE71AAF5224003F9454 /* Base */,
			);
			name = Document.xib;
			sourceTree = "<group>";
		};
		74F0FAEB1AAF5224003F9454 /* MainMenu.xib */ = {
			isa = PBXVariantGroup;
			children = (
				74F0FAEC1AAF5224003F9454 /* Base */,
			);
			name = MainMenu.xib;
			sourceTree = "<group>";
		};
/* End PBXVariantGroup section */

/* Begin XCBuildConfiguration section */
		74F0FAFA1AAF5224003F9454 /* Debug */ = {
			isa = XCBuildConfiguration;
			buildSettings = {
				ALWAYS_SEARCH_USER_PATHS = NO;
				CLANG_CXX_LANGUAGE_STANDARD = "gnu++0x";
				CLANG_CXX_LIBRARY = "libc++";
				CLANG_ENABLE_MODULES = YES;
				CLANG_ENABLE_OBJC_ARC = YES;
				CLANG_WARN_BOOL_CONVERSION = YES;
				CLANG_WARN_CONSTANT_CONVERSION = YES;
				CLANG_WARN_DIRECT_OBJC_ISA_USAGE = YES_ERROR;
				CLANG_WARN_EMPTY_BODY = YES;
				CLANG_WARN_ENUM_CONVERSION = YES;
				CLANG_WARN_INT_CONVERSION = YES;
				CLANG_WARN_OBJC_ROOT_CLASS = YES_ERROR;
				CLANG_WARN_UNREACHABLE_CODE = YES;
				CLANG_WARN__DUPLICATE_METHOD_MATCH = YES;
				CODE_SIGN_IDENTITY = "-";
				COPY_PHASE_STRIP = NO;
				ENABLE_STRICT_OBJC_MSGSEND = YES;
				GCC_C_LANGUAGE_STANDARD = gnu99;
				GCC_DYNAMIC_NO_PIC = NO;
				GCC_OPTIMIZATION_LEVEL = 0;
				GCC_PREPROCESSOR_DEFINITIONS = (
					"DEBUG=1",
					"$(inherited)",
				);
				GCC_SYMBOLS_PRIVATE_EXTERN = NO;
				GCC_WARN_64_TO_32_BIT_CONVERSION = YES;
				GCC_WARN_ABOUT_RETURN_TYPE = YES_ERROR;
				GCC_WARN_UNDECLARED_SELECTOR = YES;
				GCC_WARN_UNINITIALIZED_AUTOS = YES_AGGRESSIVE;
				GCC_WARN_UNUSED_FUNCTION = YES;
				GCC_WARN_UNUSED_VARIABLE = YES;
				MACOSX_DEPLOYMENT_TARGET = 10.10;
				MTL_ENABLE_DEBUG_INFO = YES;
				ONLY_ACTIVE_ARCH = YES;
				SDKROOT = macosx;
			};
			name = Debug;
		};
		74F0FAFB1AAF5224003F9454 /* Release */ = {
			isa = XCBuildConfiguration;
			buildSettings = {
				ALWAYS_SEARCH_USER_PATHS = NO;
				CLANG_CXX_LANGUAGE_STANDARD = "gnu++0x";
				CLANG_CXX_LIBRARY = "libc++";
				CLANG_ENABLE_MODULES = YES;
				CLANG_ENABLE_OBJC_ARC = YES;
				CLANG_WARN_BOOL_CONVERSION = YES;
				CLANG_WARN_CONSTANT_CONVERSION = YES;
				CLANG_WARN_DIRECT_OBJC_ISA_USAGE = YES_ERROR;
				CLANG_WARN_EMPTY_BODY = YES;
				CLANG_WARN_ENUM_CONVERSION = YES;
				CLANG_WARN_INT_CONVERSION = YES;
				CLANG_WARN_OBJC_ROOT_CLASS = YES_ERROR;
				CLANG_WARN_UNREACHABLE_CODE = YES;
				CLANG_WARN__DUPLICATE_METHOD_MATCH = YES;
				CODE_SIGN_IDENTITY = "-";
				COPY_PHASE_STRIP = YES;
				DEBUG_INFORMATION_FORMAT = "dwarf-with-dsym";
				ENABLE_NS_ASSERTIONS = NO;
				ENABLE_STRICT_OBJC_MSGSEND = YES;
				GCC_C_LANGUAGE_STANDARD = gnu99;
				GCC_WARN_64_TO_32_BIT_CONVERSION = YES;
				GCC_WARN_ABOUT_RETURN_TYPE = YES_ERROR;
				GCC_WARN_UNDECLARED_SELECTOR = YES;
				GCC_WARN_UNINITIALIZED_AUTOS = YES_AGGRESSIVE;
				GCC_WARN_UNUSED_FUNCTION = YES;
				GCC_WARN_UNUSED_VARIABLE = YES;
				MACOSX_DEPLOYMENT_TARGET = 10.10;
				MTL_ENABLE_DEBUG_INFO = NO;
				SDKROOT = macosx;
			};
			name = Release;
		};
		74F0FAFD1AAF5224003F9454 /* Debug */ = {
			isa = XCBuildConfiguration;
			buildSettings = {
				ASSETCATALOG_COMPILER_APPICON_NAME = AppIcon;
				COMBINE_HIDPI_IMAGES = YES;
				INFOPLIST_FILE = Suture/Info.plist;
				LD_RUNPATH_SEARCH_PATHS = "$(inherited) @executable_path/../Frameworks";
				PRODUCT_NAME = "$(TARGET_NAME)";
			};
			name = Debug;
		};
		74F0FAFE1AAF5224003F9454 /* Release */ = {
			isa = XCBuildConfiguration;
			buildSettings = {
				ASSETCATALOG_COMPILER_APPICON_NAME = AppIcon;
				COMBINE_HIDPI_IMAGES = YES;
				INFOPLIST_FILE = Suture/Info.plist;
				LD_RUNPATH_SEARCH_PATHS = "$(inherited) @executable_path/../Frameworks";
				PRODUCT_NAME = "$(TARGET_NAME)";
			};
			name = Release;
		};
		74F0FB001AAF5224003F9454 /* Debug */ = {
			isa = XCBuildConfiguration;
			buildSettings = {
				BUNDLE_LOADER = "$(TEST_HOST)";
				COMBINE_HIDPI_IMAGES = YES;
				FRAMEWORK_SEARCH_PATHS = (
					"$(DEVELOPER_FRAMEWORKS_DIR)",
					"$(inherited)",
				);
				GCC_PREPROCESSOR_DEFINITIONS = (
					"DEBUG=1",
					"$(inherited)",
				);
				INFOPLIST_FILE = SutureTests/Info.plist;
				LD_RUNPATH_SEARCH_PATHS = "$(inherited) @executable_path/../Frameworks @loader_path/../Frameworks";
				PRODUCT_NAME = "$(TARGET_NAME)";
				TEST_HOST = "$(BUILT_PRODUCTS_DIR)/Suture.app/Contents/MacOS/Suture";
			};
			name = Debug;
		};
		74F0FB011AAF5224003F9454 /* Release */ = {
			isa = XCBuildConfiguration;
			buildSettings = {
				BUNDLE_LOADER = "$(TEST_HOST)";
				COMBINE_HIDPI_IMAGES = YES;
				FRAMEWORK_SEARCH_PATHS = (
					"$(DEVELOPER_FRAMEWORKS_DIR)",
					"$(inherited)",
				);
				INFOPLIST_FILE = SutureTests/Info.plist;
				LD_RUNPATH_SEARCH_PATHS = "$(inherited) @executable_path/../Frameworks @loader_path/../Frameworks";
				PRODUCT_NAME = "$(TARGET_NAME)";
				TEST_HOST = "$(BUILT_PRODUCTS_DIR)/Suture.app/Contents/MacOS/Suture";
			};
			name = Release;
		};
/* End XCBuildConfiguration section */

/* Begin XCConfigurationList section */
		74F0FAD41AAF5224003F9454 /* Build configuration list for PBXProject "Suture" */ = {
			isa = XCConfigurationList;
			buildConfigurations = (
				74F0FAFA1AAF5224003F9454 /* Debug */,
				74F0FAFB1AAF5224003F9454 /* Release */,
			);
			defaultConfigurationIsVisible = 0;
			defaultConfigurationName = Release;
		};
		74F0FAFC1AAF5224003F9454 /* Build configuration list for PBXNativeTarget "Suture" */ = {
			isa = XCConfigurationList;
			buildConfigurations = (
				74F0FAFD1AAF5224003F9454 /* Debug */,
				74F0FAFE1AAF5224003F9454 /* Release */,
			);
			defaultConfigurationIsVisible = 0;
			defaultConfigurationName = Release;
		};
		74F0FAFF1AAF5224003F9454 /* Build configuration list for PBXNativeTarget "SutureTests" */ = {
			isa = XCConfigurationList;
			buildConfigurations = (
				74F0FB001AAF5224003F9454 /* Debug */,
				74F0FB011AAF5224003F9454 /* Release */,
			);
			defaultConfigurationIsVisible = 0;
			defaultConfigurationName = Release;
		};
/* End XCConfigurationList section */
	};
	rootObject = 74F0FAD11AAF5224003F9454 /* Project object */;
}
